
Microsoft Visual Studio Solution File, Format Version 11.00
# Visual Studio 2010
Project("{FAE04EC0-301F-11D3-BF4B-00C04F79EFBC}") = "SudokuSolver", "SudokuSolver\SudokuSolver.csproj", "{E0F2EB89-9E7F-4236-8B62-7495DC2C466F}"
EndProject
Project("{FAE04EC0-301F-11D3-BF4B-00C04F79EFBC}") = "SudokuSolverTest", "SudokuSolverTest\SudokuSolverTest.csproj", "{FA73B6EB-40EC-4021-A5B8-EF62770CD3D1}"
EndProject
Project("{FAE04EC0-301F-11D3-BF4B-00C04F79EFBC}") = "SudokuSolverApp", "SudokuSolverApp\SudokuSolverApp.csproj", "{FFE6E653-9EE4-4A38-88A2-27A1A9AFD914}"
EndProject
Project("{FAE04EC0-301F-11D3-BF4B-00C04F79EFBC}") = "AlgorithmXTest", "AlgorithmXTest\AlgorithmXTest.csproj", "{114276E0-72DA-43A6-9636-F5C7C321D779}"
EndProject
Project("{FAE04EC0-301F-11D3-BF4B-00C04F79EFBC}") = "AlgorithmX", "AlgorithmX\AlgorithmX.csproj", "{8AE2A0E3-818F-437E-8A08-0486E5E487BE}"
EndProject
Global
	GlobalSection(SolutionConfigurationPlatforms) = preSolution
		Debug|Any CPU = Debug|Any CPU
		Debug|Mixed Platforms = Debug|Mixed Platforms
		Debug|x86 = Debug|x86
		Release|Any CPU = Release|Any CPU
		Release|Mixed Platforms = Release|Mixed Platforms
		Release|x86 = Release|x86
	EndGlobalSection
	GlobalSection(ProjectConfigurationPlatforms) = postSolution
		{E0F2EB89-9E7F-4236-8B62-7495DC2C466F}.Debug|Any CPU.ActiveCfg = Debug|x86
		{E0F2EB89-9E7F-4236-8B62-7495DC2C466F}.Debug|Mixed Platforms.ActiveCfg = Debug|x86
		{E0F2EB89-9E7F-4236-8B62-7495DC2C466F}.Debug|Mixed Platforms.Build.0 = Debug|x86
		{E0F2EB89-9E7F-4236-8B62-7495DC2C466F}.Debug|x86.ActiveCfg = Debug|x86
		{E0F2EB89-9E7F-4236-8B62-7495DC2C466F}.Debug|x86.Build.0 = Debug|x86
		{E0F2EB89-9E7F-4236-8B62-7495DC2C466F}.Release|Any CPU.ActiveCfg = Release|x86
		{E0F2EB89-9E7F-4236-8B62-7495DC2C466F}.Release|Mixed Platforms.ActiveCfg = Release|x86
		{E0F2EB89-9E7F-4236-8B62-7495DC2C466F}.Release|Mixed Platforms.Build.0 = Release|x86
		{E0F2EB89-9E7F-4236-8B62-7495DC2C466F}.Release|x86.ActiveCfg = Release|x86
		{E0F2EB89-9E7F-4236-8B62-7495DC2C466F}.Release|x86.Build.0 = Release|x86
		{FA73B6EB-40EC-4021-A5B8-EF62770CD3D1}.Debug|Any CPU.ActiveCfg = Debug|x86
		{FA73B6EB-40EC-4021-A5B8-EF62770CD3D1}.Debug|Mixed Platforms.ActiveCfg = Debug|x86
		{FA73B6EB-40EC-4021-A5B8-EF62770CD3D1}.Debug|Mixed Platforms.Build.0 = Debug|x86
		{FA73B6EB-40EC-4021-A5B8-EF62770CD3D1}.Debug|x86.ActiveCfg = Debug|x86
		{FA73B6EB-40EC-4021-A5B8-EF62770CD3D1}.Debug|x86.Build.0 = Debug|x86
		{FA73B6EB-40EC-4021-A5B8-EF62770CD3D1}.Release|Any CPU.ActiveCfg = Release|x86
		{FA73B6EB-40EC-4021-A5B8-EF62770CD3D1}.Release|Mixed Platforms.ActiveCfg = Release|x86
		{FA73B6EB-40EC-4021-A5B8-EF62770CD3D1}.Release|Mixed Platforms.Build.0 = Release|x86
		{FA73B6EB-40EC-4021-A5B8-EF62770CD3D1}.Release|x86.ActiveCfg = Release|x86
		{FA73B6EB-40EC-4021-A5B8-EF62770CD3D1}.Release|x86.Build.0 = Release|x86
		{FFE6E653-9EE4-4A38-88A2-27A1A9AFD914}.Debug|Any CPU.ActiveCfg = Debug|x86
		{FFE6E653-9EE4-4A38-88A2-27A1A9AFD914}.Debug|Mixed Platforms.ActiveCfg = Debug|x86
		{FFE6E653-9EE4-4A38-88A2-27A1A9AFD914}.Debug|Mixed Platforms.Build.0 = Debug|x86
		{FFE6E653-9EE4-4A38-88A2-27A1A9AFD914}.Debug|x86.ActiveCfg = Debug|x86
		{FFE6E653-9EE4-4A38-88A2-27A1A9AFD914}.Debug|x86.Build.0 = Debug|x86
		{FFE6E653-9EE4-4A38-88A2-27A1A9AFD914}.Release|Any CPU.ActiveCfg = Release|x86
		{FFE6E653-9EE4-4A38-88A2-27A1A9AFD914}.Release|Mixed Platforms.ActiveCfg = Release|x86
		{FFE6E653-9EE4-4A38-88A2-27A1A9AFD914}.Release|Mixed Platforms.Build.0 = Release|x86
		{FFE6E653-9EE4-4A38-88A2-27A1A9AFD914}.Release|x86.ActiveCfg = Release|x86
		{FFE6E653-9EE4-4A38-88A2-27A1A9AFD914}.Release|x86.Build.0 = Release|x86
		{114276E0-72DA-43A6-9636-F5C7C321D779}.Debug|Any CPU.ActiveCfg = Debug|x86
		{114276E0-72DA-43A6-9636-F5C7C321D779}.Debug|Mixed Platforms.ActiveCfg = Debug|x86
		{114276E0-72DA-43A6-9636-F5C7C321D779}.Debug|Mixed Platforms.Build.0 = Debug|x86
		{114276E0-72DA-43A6-9636-F5C7C321D779}.Debug|x86.ActiveCfg = Debug|x86
		{114276E0-72DA-43A6-9636-F5C7C321D779}.Debug|x86.Build.0 = Debug|x86
		{114276E0-72DA-43A6-9636-F5C7C321D779}.Release|Any CPU.ActiveCfg = Release|x86
		{114276E0-72DA-43A6-9636-F5C7C321D779}.Release|Mixed Platforms.ActiveCfg = Release|x86
		{114276E0-72DA-43A6-9636-F5C7C321D779}.Release|Mixed Platforms.Build.0 = Release|x86
		{114276E0-72DA-43A6-9636-F5C7C321D779}.Release|x86.ActiveCfg = Release|x86
		{114276E0-72DA-43A6-9636-F5C7C321D779}.Release|x86.Build.0 = Release|x86
		{8AE2A0E3-818F-437E-8A08-0486E5E487BE}.Debug|Any CPU.ActiveCfg = Debug|Any CPU
		{8AE2A0E3-818F-437E-8A08-0486E5E487BE}.Debug|Any CPU.Build.0 = Debug|Any CPU
		{8AE2A0E3-818F-437E-8A08-0486E5E487BE}.Debug|Mixed Platforms.ActiveCfg = Debug|Any CPU
		{8AE2A0E3-818F-437E-8A08-0486E5E487BE}.Debug|Mixed Platforms.Build.0 = Debug|Any CPU
		{8AE2A0E3-818F-437E-8A08-0486E5E487BE}.Debug|x86.ActiveCfg = Debug|Any CPU
		{8AE2A0E3-818F-437E-8A08-0486E5E487BE}.Release|Any CPU.ActiveCfg = Release|Any CPU
		{8AE2A0E3-818F-437E-8A08-0486E5E487BE}.Release|Any CPU.Build.0 = Release|Any CPU
		{8AE2A0E3-818F-437E-8A08-0486E5E487BE}.Release|Mixed Platforms.ActiveCfg = Release|Any CPU
		{8AE2A0E3-818F-437E-8A08-0486E5E487BE}.Release|Mixed Platforms.Build.0 = Release|Any CPU
		{8AE2A0E3-818F-437E-8A08-0486E5E487BE}.Release|x86.ActiveCfg = Release|Any CPU
	EndGlobalSection
	GlobalSection(SolutionProperties) = preSolution
		HideSolutionNode = FALSE
	EndGlobalSection
EndGlobal
